
Microsoft Visual Studio Solution File, Format Version 12.00
# Visual Studio 15
VisualStudioVersion = 15.0.26124.0
MinimumVisualStudioVersion = 15.0.26124.0
Project("{FAE04EC0-301F-11D3-BF4B-00C04F79EFBC}") = "Convey", "src\Convey\Convey.csproj", "{A5E5AB66-09AA-47C1-B1DF-D7EF82F265D5}"
EndProject
Project("{2150E333-8FDC-42A3-9474-1A3956D46DE8}") = "Auth", "Auth", "{FC4E9706-F7ED-4E56-B71A-A986E8925F97}"
EndProject
Project("{FAE04EC0-301F-11D3-BF4B-00C04F79EFBC}") = "Convey.Auth", "..\Convey.Auth\src\Convey.Auth\Convey.Auth.csproj", "{AFB03145-71CE-4568-8AB0-E42775D4B184}"
EndProject
Project("{2150E333-8FDC-42A3-9474-1A3956D46DE8}") = "Persistence.Redis", "Persistence.Redis", "{453EC574-EC9D-4B3A-AC9A-546B62255524}"
EndProject
Project("{FAE04EC0-301F-11D3-BF4B-00C04F79EFBC}") = "Convey.Persistence.Redis", "..\Convey.Persistence.Redis\src\Convey.Persistence.Redis\Convey.Persistence.Redis.csproj", "{0DF016BB-2309-4471-80DB-2A68A6B97C35}"
EndProject
Project("{2150E333-8FDC-42A3-9474-1A3956D46DE8}") = "Discovery.Consul", "Discovery.Consul", "{68BDF36B-DE9D-4C8F-BC4C-14C36A2DAFE1}"
EndProject
Project("{FAE04EC0-301F-11D3-BF4B-00C04F79EFBC}") = "Convey.Discovery.Consul", "..\Convey.Discovery.Consul\src\Convey.Discovery.Consul\Convey.Discovery.Consul.csproj", "{63ED5F29-8EEE-4953-9FBF-35C3774C9E61}"
EndProject
Project("{FAE04EC0-301F-11D3-BF4B-00C04F79EFBC}") = "TestApp", "..\TestApp\TestApp.csproj", "{9EF431F4-3B45-45AD-9267-49841211422A}"
EndProject
Project("{2150E333-8FDC-42A3-9474-1A3956D46DE8}") = "LoadBalancing.Fabio", "LoadBalancing.Fabio", "{D3EF1644-2D4B-4397-8B71-7DD702226117}"
EndProject
Project("{FAE04EC0-301F-11D3-BF4B-00C04F79EFBC}") = "Convey.LoadBalancing.Fabio", "..\Convey.LoadBalancing.Fabio\src\Convey.LoadBalancing.Fabio\Convey.LoadBalancing.Fabio.csproj", "{BE9D8894-97C2-48F9-9475-A208A3BCC0FC}"
EndProject
Global
	GlobalSection(SolutionConfigurationPlatforms) = preSolution
		Debug|Any CPU = Debug|Any CPU
		Debug|x64 = Debug|x64
		Debug|x86 = Debug|x86
		Release|Any CPU = Release|Any CPU
		Release|x64 = Release|x64
		Release|x86 = Release|x86
	EndGlobalSection
	GlobalSection(SolutionProperties) = preSolution
		HideSolutionNode = FALSE
	EndGlobalSection
	GlobalSection(ProjectConfigurationPlatforms) = postSolution
		{A5E5AB66-09AA-47C1-B1DF-D7EF82F265D5}.Debug|Any CPU.ActiveCfg = Debug|Any CPU
		{A5E5AB66-09AA-47C1-B1DF-D7EF82F265D5}.Debug|Any CPU.Build.0 = Debug|Any CPU
		{A5E5AB66-09AA-47C1-B1DF-D7EF82F265D5}.Debug|x64.ActiveCfg = Debug|Any CPU
		{A5E5AB66-09AA-47C1-B1DF-D7EF82F265D5}.Debug|x64.Build.0 = Debug|Any CPU
		{A5E5AB66-09AA-47C1-B1DF-D7EF82F265D5}.Debug|x86.ActiveCfg = Debug|Any CPU
		{A5E5AB66-09AA-47C1-B1DF-D7EF82F265D5}.Debug|x86.Build.0 = Debug|Any CPU
		{A5E5AB66-09AA-47C1-B1DF-D7EF82F265D5}.Release|Any CPU.ActiveCfg = Release|Any CPU
		{A5E5AB66-09AA-47C1-B1DF-D7EF82F265D5}.Release|Any CPU.Build.0 = Release|Any CPU
		{A5E5AB66-09AA-47C1-B1DF-D7EF82F265D5}.Release|x64.ActiveCfg = Release|Any CPU
		{A5E5AB66-09AA-47C1-B1DF-D7EF82F265D5}.Release|x64.Build.0 = Release|Any CPU
		{A5E5AB66-09AA-47C1-B1DF-D7EF82F265D5}.Release|x86.ActiveCfg = Release|Any CPU
		{A5E5AB66-09AA-47C1-B1DF-D7EF82F265D5}.Release|x86.Build.0 = Release|Any CPU
		{AFB03145-71CE-4568-8AB0-E42775D4B184}.Debug|Any CPU.ActiveCfg = Debug|Any CPU
		{AFB03145-71CE-4568-8AB0-E42775D4B184}.Debug|Any CPU.Build.0 = Debug|Any CPU
		{AFB03145-71CE-4568-8AB0-E42775D4B184}.Debug|x64.ActiveCfg = Debug|Any CPU
		{AFB03145-71CE-4568-8AB0-E42775D4B184}.Debug|x64.Build.0 = Debug|Any CPU
		{AFB03145-71CE-4568-8AB0-E42775D4B184}.Debug|x86.ActiveCfg = Debug|Any CPU
		{AFB03145-71CE-4568-8AB0-E42775D4B184}.Debug|x86.Build.0 = Debug|Any CPU
		{AFB03145-71CE-4568-8AB0-E42775D4B184}.Release|Any CPU.ActiveCfg = Release|Any CPU
		{AFB03145-71CE-4568-8AB0-E42775D4B184}.Release|Any CPU.Build.0 = Release|Any CPU
		{AFB03145-71CE-4568-8AB0-E42775D4B184}.Release|x64.ActiveCfg = Release|Any CPU
		{AFB03145-71CE-4568-8AB0-E42775D4B184}.Release|x64.Build.0 = Release|Any CPU
		{AFB03145-71CE-4568-8AB0-E42775D4B184}.Release|x86.ActiveCfg = Release|Any CPU
		{AFB03145-71CE-4568-8AB0-E42775D4B184}.Release|x86.Build.0 = Release|Any CPU
		{0DF016BB-2309-4471-80DB-2A68A6B97C35}.Debug|Any CPU.ActiveCfg = Debug|Any CPU
		{0DF016BB-2309-4471-80DB-2A68A6B97C35}.Debug|Any CPU.Build.0 = Debug|Any CPU
		{0DF016BB-2309-4471-80DB-2A68A6B97C35}.Debug|x64.ActiveCfg = Debug|Any CPU
		{0DF016BB-2309-4471-80DB-2A68A6B97C35}.Debug|x64.Build.0 = Debug|Any CPU
		{0DF016BB-2309-4471-80DB-2A68A6B97C35}.Debug|x86.ActiveCfg = Debug|Any CPU
		{0DF016BB-2309-4471-80DB-2A68A6B97C35}.Debug|x86.Build.0 = Debug|Any CPU
		{0DF016BB-2309-4471-80DB-2A68A6B97C35}.Release|Any CPU.ActiveCfg = Release|Any CPU
		{0DF016BB-2309-4471-80DB-2A68A6B97C35}.Release|Any CPU.Build.0 = Release|Any CPU
		{0DF016BB-2309-4471-80DB-2A68A6B97C35}.Release|x64.ActiveCfg = Release|Any CPU
		{0DF016BB-2309-4471-80DB-2A68A6B97C35}.Release|x64.Build.0 = Release|Any CPU
		{0DF016BB-2309-4471-80DB-2A68A6B97C35}.Release|x86.ActiveCfg = Release|Any CPU
		{0DF016BB-2309-4471-80DB-2A68A6B97C35}.Release|x86.Build.0 = Release|Any CPU
		{63ED5F29-8EEE-4953-9FBF-35C3774C9E61}.Debug|Any CPU.ActiveCfg = Debug|Any CPU
		{63ED5F29-8EEE-4953-9FBF-35C3774C9E61}.Debug|Any CPU.Build.0 = Debug|Any CPU
		{63ED5F29-8EEE-4953-9FBF-35C3774C9E61}.Debug|x64.ActiveCfg = Debug|Any CPU
		{63ED5F29-8EEE-4953-9FBF-35C3774C9E61}.Debug|x64.Build.0 = Debug|Any CPU
		{63ED5F29-8EEE-4953-9FBF-35C3774C9E61}.Debug|x86.ActiveCfg = Debug|Any CPU
		{63ED5F29-8EEE-4953-9FBF-35C3774C9E61}.Debug|x86.Build.0 = Debug|Any CPU
		{63ED5F29-8EEE-4953-9FBF-35C3774C9E61}.Release|Any CPU.ActiveCfg = Release|Any CPU
		{63ED5F29-8EEE-4953-9FBF-35C3774C9E61}.Release|Any CPU.Build.0 = Release|Any CPU
		{63ED5F29-8EEE-4953-9FBF-35C3774C9E61}.Release|x64.ActiveCfg = Release|Any CPU
		{63ED5F29-8EEE-4953-9FBF-35C3774C9E61}.Release|x64.Build.0 = Release|Any CPU
		{63ED5F29-8EEE-4953-9FBF-35C3774C9E61}.Release|x86.ActiveCfg = Release|Any CPU
		{63ED5F29-8EEE-4953-9FBF-35C3774C9E61}.Release|x86.Build.0 = Release|Any CPU
		{9EF431F4-3B45-45AD-9267-49841211422A}.Debug|Any CPU.ActiveCfg = Debug|Any CPU
		{9EF431F4-3B45-45AD-9267-49841211422A}.Debug|Any CPU.Build.0 = Debug|Any CPU
		{9EF431F4-3B45-45AD-9267-49841211422A}.Debug|x64.ActiveCfg = Debug|Any CPU
		{9EF431F4-3B45-45AD-9267-49841211422A}.Debug|x64.Build.0 = Debug|Any CPU
		{9EF431F4-3B45-45AD-9267-49841211422A}.Debug|x86.ActiveCfg = Debug|Any CPU
		{9EF431F4-3B45-45AD-9267-49841211422A}.Debug|x86.Build.0 = Debug|Any CPU
		{9EF431F4-3B45-45AD-9267-49841211422A}.Release|Any CPU.ActiveCfg = Release|Any CPU
		{9EF431F4-3B45-45AD-9267-49841211422A}.Release|Any CPU.Build.0 = Release|Any CPU
		{9EF431F4-3B45-45AD-9267-49841211422A}.Release|x64.ActiveCfg = Release|Any CPU
		{9EF431F4-3B45-45AD-9267-49841211422A}.Release|x64.Build.0 = Release|Any CPU
		{9EF431F4-3B45-45AD-9267-49841211422A}.Release|x86.ActiveCfg = Release|Any CPU
		{9EF431F4-3B45-45AD-9267-49841211422A}.Release|x86.Build.0 = Release|Any CPU
		{BE9D8894-97C2-48F9-9475-A208A3BCC0FC}.Debug|Any CPU.ActiveCfg = Debug|Any CPU
		{BE9D8894-97C2-48F9-9475-A208A3BCC0FC}.Debug|Any CPU.Build.0 = Debug|Any CPU
		{BE9D8894-97C2-48F9-9475-A208A3BCC0FC}.Debug|x64.ActiveCfg = Debug|Any CPU
		{BE9D8894-97C2-48F9-9475-A208A3BCC0FC}.Debug|x64.Build.0 = Debug|Any CPU
		{BE9D8894-97C2-48F9-9475-A208A3BCC0FC}.Debug|x86.ActiveCfg = Debug|Any CPU
		{BE9D8894-97C2-48F9-9475-A208A3BCC0FC}.Debug|x86.Build.0 = Debug|Any CPU
		{BE9D8894-97C2-48F9-9475-A208A3BCC0FC}.Release|Any CPU.ActiveCfg = Release|Any CPU
		{BE9D8894-97C2-48F9-9475-A208A3BCC0FC}.Release|Any CPU.Build.0 = Release|Any CPU
		{BE9D8894-97C2-48F9-9475-A208A3BCC0FC}.Release|x64.ActiveCfg = Release|Any CPU
		{BE9D8894-97C2-48F9-9475-A208A3BCC0FC}.Release|x64.Build.0 = Release|Any CPU
		{BE9D8894-97C2-48F9-9475-A208A3BCC0FC}.Release|x86.ActiveCfg = Release|Any CPU
		{BE9D8894-97C2-48F9-9475-A208A3BCC0FC}.Release|x86.Build.0 = Release|Any CPU
	EndGlobalSection
	GlobalSection(NestedProjects) = preSolution
		{AFB03145-71CE-4568-8AB0-E42775D4B184} = {FC4E9706-F7ED-4E56-B71A-A986E8925F97}
		{0DF016BB-2309-4471-80DB-2A68A6B97C35} = {453EC574-EC9D-4B3A-AC9A-546B62255524}
		{63ED5F29-8EEE-4953-9FBF-35C3774C9E61} = {68BDF36B-DE9D-4C8F-BC4C-14C36A2DAFE1}
		{BE9D8894-97C2-48F9-9475-A208A3BCC0FC} = {D3EF1644-2D4B-4397-8B71-7DD702226117}
	EndGlobalSection
EndGlobal
