
Microsoft Visual Studio Solution File, Format Version 12.00
# Visual Studio 15
VisualStudioVersion = 15.0.26124.0
MinimumVisualStudioVersion = 15.0.26124.0
Project("{FAE04EC0-301F-11D3-BF4B-00C04F79EFBC}") = "Convey", "src\Convey\Convey.csproj", "{A5E5AB66-09AA-47C1-B1DF-D7EF82F265D5}"
EndProject
Project("{2150E333-8FDC-42A3-9474-1A3956D46DE8}") = "Auth", "Auth", "{FC4E9706-F7ED-4E56-B71A-A986E8925F97}"
EndProject
Project("{FAE04EC0-301F-11D3-BF4B-00C04F79EFBC}") = "Convey.Auth", "..\Convey.Auth\src\Convey.Auth\Convey.Auth.csproj", "{AFB03145-71CE-4568-8AB0-E42775D4B184}"
EndProject
Project("{2150E333-8FDC-42A3-9474-1A3956D46DE8}") = "Persistence.Redis", "Persistence.Redis", "{453EC574-EC9D-4B3A-AC9A-546B62255524}"
EndProject
Project("{FAE04EC0-301F-11D3-BF4B-00C04F79EFBC}") = "Convey.Persistence.Redis", "..\Convey.Persistence.Redis\src\Convey.Persistence.Redis\Convey.Persistence.Redis.csproj", "{0DF016BB-2309-4471-80DB-2A68A6B97C35}"
EndProject
Project("{2150E333-8FDC-42A3-9474-1A3956D46DE8}") = "Discovery.Consul", "Discovery.Consul", "{68BDF36B-DE9D-4C8F-BC4C-14C36A2DAFE1}"
EndProject
Project("{FAE04EC0-301F-11D3-BF4B-00C04F79EFBC}") = "Convey.Discovery.Consul", "..\Convey.Discovery.Consul\src\Convey.Discovery.Consul\Convey.Discovery.Consul.csproj", "{63ED5F29-8EEE-4953-9FBF-35C3774C9E61}"
EndProject
Project("{FAE04EC0-301F-11D3-BF4B-00C04F79EFBC}") = "TestApp", "..\TestApp\TestApp.csproj", "{9EF431F4-3B45-45AD-9267-49841211422A}"
EndProject
Project("{2150E333-8FDC-42A3-9474-1A3956D46DE8}") = "LoadBalancing.Fabio", "LoadBalancing.Fabio", "{331AB9E8-334B-47E3-8A7A-61F2F38096BF}"
EndProject
Project("{FAE04EC0-301F-11D3-BF4B-00C04F79EFBC}") = "Convey.LoadBalancing.Fabio", "..\Convey.LoadBalancing.Fabio\src\Convey.LoadBalancing.Fabio\Convey.LoadBalancing.Fabio.csproj", "{31637BC5-4DD6-4C38-83D0-2452BBC901AD}"
EndProject
Project("{2150E333-8FDC-42A3-9474-1A3956D46DE8}") = "MessageBrokers.RabbitMQ", "MessageBrokers.RabbitMQ", "{5D1BF34D-4E6C-42DA-97D8-8183849F9ED8}"
EndProject
Project("{FAE04EC0-301F-11D3-BF4B-00C04F79EFBC}") = "Convey.MessageBrokers.RabbitMQ", "..\Convey.MessageBrokers.RabbitMQ\src\Convey.MessageBrokers.RabbitMQ\Convey.MessageBrokers.RabbitMQ.csproj", "{8F23CE51-8CD1-40D7-A7CE-1934D669F69A}"
EndProject
Project("{2150E333-8FDC-42A3-9474-1A3956D46DE8}") = "CQRS.Commands", "CQRS.Commands", "{026099D3-2B9C-4A75-92B3-EAA90B2D32AB}"
EndProject
Project("{FAE04EC0-301F-11D3-BF4B-00C04F79EFBC}") = "Convey.CQRS.Commands", "..\Convey.CQRS.Commands\src\Convey.CQRS.Commands\Convey.CQRS.Commands.csproj", "{23997AEE-38CA-4099-92DF-DA5A1E0A4B1B}"
EndProject
Project("{2150E333-8FDC-42A3-9474-1A3956D46DE8}") = "CQRS.Events", "CQRS.Events", "{A0B4F8C0-CB34-4284-9BCD-4DB366A1984A}"
EndProject
Project("{FAE04EC0-301F-11D3-BF4B-00C04F79EFBC}") = "Convey.CQRS.Events", "..\Convey.CQRS.Events\src\Convey.CQRS.Events\Convey.CQRS.Events.csproj", "{C1A5A4D3-61C3-4864-91A7-60CF3EEDD19E}"
EndProject
Project("{2150E333-8FDC-42A3-9474-1A3956D46DE8}") = "CQRS.Queries", "CQRS.Queries", "{C2CEDE4A-8ED6-4DC7-8FA7-C3DD5FF3EC27}"
EndProject
Project("{FAE04EC0-301F-11D3-BF4B-00C04F79EFBC}") = "Convey.CQRS.Queries", "..\Convey.CQRS.Queries\src\Convey.CQRS.Queries\Convey.CQRS.Queries.csproj", "{05694A90-A36D-4FE0-B095-ED5BB8B2CBD1}"
EndProject
Project("{2150E333-8FDC-42A3-9474-1A3956D46DE8}") = "Metrics.AppMetrics", "Metrics.AppMetrics", "{0069C457-794F-4317-81B5-5CDC7B935DA6}"
EndProject
Project("{FAE04EC0-301F-11D3-BF4B-00C04F79EFBC}") = "Convey.Metrics.AppMetrics", "..\Convey.Metrics.AppMetrics\src\Convey.Metrics.AppMetrics\Convey.Metrics.AppMetrics.csproj", "{39E62189-CEAB-4FF8-8B98-71D715DBCCCD}"
EndProject
Project("{2150E333-8FDC-42A3-9474-1A3956D46DE8}") = "Persistence.MongoDB", "Persistence.MongoDB", "{B07E6B0D-D138-434C-A962-E89C198FD141}"
EndProject
Project("{FAE04EC0-301F-11D3-BF4B-00C04F79EFBC}") = "Convey.Persistence.MongoDB", "..\Convey.Persistence.MongoDB\src\Convey.Persistence.MongoDB\Convey.Persistence.MongoDB.csproj", "{52D33A86-0143-475E-8B07-4A954E77A0B5}"
EndProject
Project("{2150E333-8FDC-42A3-9474-1A3956D46DE8}") = "Types", "Types", "{DB8E12F0-CF35-44B8-9E6A-E47E103F6171}"
EndProject
Project("{FAE04EC0-301F-11D3-BF4B-00C04F79EFBC}") = "Convey.Types", "..\Convey.Types\src\Convey.Types\Convey.Types.csproj", "{E67B48BD-820D-4281-AFAD-004918FFD350}"
EndProject
Project("{FAE04EC0-301F-11D3-BF4B-00C04F79EFBC}") = "Convey.WebApi", "..\Convey.WebApi\src\Convey.WebApi\Convey.WebApi.csproj", "{95DF2B9B-4E41-42EC-8EB8-070810155B04}"
EndProject
Project("{FAE04EC0-301F-11D3-BF4B-00C04F79EFBC}") = "Convey.WebApi.CQRS", "..\Convey.WebApi.CQRS\src\Convey.WebApi.CQRS\Convey.WebApi.CQRS.csproj", "{B0BCD210-04E1-440C-96D4-3AFD4706101C}"
EndProject
Global
	GlobalSection(SolutionConfigurationPlatforms) = preSolution
		Debug|Any CPU = Debug|Any CPU
		Debug|x64 = Debug|x64
		Debug|x86 = Debug|x86
		Release|Any CPU = Release|Any CPU
		Release|x64 = Release|x64
		Release|x86 = Release|x86
	EndGlobalSection
	GlobalSection(SolutionProperties) = preSolution
		HideSolutionNode = FALSE
	EndGlobalSection
	GlobalSection(ProjectConfigurationPlatforms) = postSolution
		{A5E5AB66-09AA-47C1-B1DF-D7EF82F265D5}.Debug|Any CPU.ActiveCfg = Debug|Any CPU
		{A5E5AB66-09AA-47C1-B1DF-D7EF82F265D5}.Debug|Any CPU.Build.0 = Debug|Any CPU
		{A5E5AB66-09AA-47C1-B1DF-D7EF82F265D5}.Debug|x64.ActiveCfg = Debug|Any CPU
		{A5E5AB66-09AA-47C1-B1DF-D7EF82F265D5}.Debug|x64.Build.0 = Debug|Any CPU
		{A5E5AB66-09AA-47C1-B1DF-D7EF82F265D5}.Debug|x86.ActiveCfg = Debug|Any CPU
		{A5E5AB66-09AA-47C1-B1DF-D7EF82F265D5}.Debug|x86.Build.0 = Debug|Any CPU
		{A5E5AB66-09AA-47C1-B1DF-D7EF82F265D5}.Release|Any CPU.ActiveCfg = Release|Any CPU
		{A5E5AB66-09AA-47C1-B1DF-D7EF82F265D5}.Release|Any CPU.Build.0 = Release|Any CPU
		{A5E5AB66-09AA-47C1-B1DF-D7EF82F265D5}.Release|x64.ActiveCfg = Release|Any CPU
		{A5E5AB66-09AA-47C1-B1DF-D7EF82F265D5}.Release|x64.Build.0 = Release|Any CPU
		{A5E5AB66-09AA-47C1-B1DF-D7EF82F265D5}.Release|x86.ActiveCfg = Release|Any CPU
		{A5E5AB66-09AA-47C1-B1DF-D7EF82F265D5}.Release|x86.Build.0 = Release|Any CPU
		{AFB03145-71CE-4568-8AB0-E42775D4B184}.Debug|Any CPU.ActiveCfg = Debug|Any CPU
		{AFB03145-71CE-4568-8AB0-E42775D4B184}.Debug|Any CPU.Build.0 = Debug|Any CPU
		{AFB03145-71CE-4568-8AB0-E42775D4B184}.Debug|x64.ActiveCfg = Debug|Any CPU
		{AFB03145-71CE-4568-8AB0-E42775D4B184}.Debug|x64.Build.0 = Debug|Any CPU
		{AFB03145-71CE-4568-8AB0-E42775D4B184}.Debug|x86.ActiveCfg = Debug|Any CPU
		{AFB03145-71CE-4568-8AB0-E42775D4B184}.Debug|x86.Build.0 = Debug|Any CPU
		{AFB03145-71CE-4568-8AB0-E42775D4B184}.Release|Any CPU.ActiveCfg = Release|Any CPU
		{AFB03145-71CE-4568-8AB0-E42775D4B184}.Release|Any CPU.Build.0 = Release|Any CPU
		{AFB03145-71CE-4568-8AB0-E42775D4B184}.Release|x64.ActiveCfg = Release|Any CPU
		{AFB03145-71CE-4568-8AB0-E42775D4B184}.Release|x64.Build.0 = Release|Any CPU
		{AFB03145-71CE-4568-8AB0-E42775D4B184}.Release|x86.ActiveCfg = Release|Any CPU
		{AFB03145-71CE-4568-8AB0-E42775D4B184}.Release|x86.Build.0 = Release|Any CPU
		{0DF016BB-2309-4471-80DB-2A68A6B97C35}.Debug|Any CPU.ActiveCfg = Debug|Any CPU
		{0DF016BB-2309-4471-80DB-2A68A6B97C35}.Debug|Any CPU.Build.0 = Debug|Any CPU
		{0DF016BB-2309-4471-80DB-2A68A6B97C35}.Debug|x64.ActiveCfg = Debug|Any CPU
		{0DF016BB-2309-4471-80DB-2A68A6B97C35}.Debug|x64.Build.0 = Debug|Any CPU
		{0DF016BB-2309-4471-80DB-2A68A6B97C35}.Debug|x86.ActiveCfg = Debug|Any CPU
		{0DF016BB-2309-4471-80DB-2A68A6B97C35}.Debug|x86.Build.0 = Debug|Any CPU
		{0DF016BB-2309-4471-80DB-2A68A6B97C35}.Release|Any CPU.ActiveCfg = Release|Any CPU
		{0DF016BB-2309-4471-80DB-2A68A6B97C35}.Release|Any CPU.Build.0 = Release|Any CPU
		{0DF016BB-2309-4471-80DB-2A68A6B97C35}.Release|x64.ActiveCfg = Release|Any CPU
		{0DF016BB-2309-4471-80DB-2A68A6B97C35}.Release|x64.Build.0 = Release|Any CPU
		{0DF016BB-2309-4471-80DB-2A68A6B97C35}.Release|x86.ActiveCfg = Release|Any CPU
		{0DF016BB-2309-4471-80DB-2A68A6B97C35}.Release|x86.Build.0 = Release|Any CPU
		{63ED5F29-8EEE-4953-9FBF-35C3774C9E61}.Debug|Any CPU.ActiveCfg = Debug|Any CPU
		{63ED5F29-8EEE-4953-9FBF-35C3774C9E61}.Debug|Any CPU.Build.0 = Debug|Any CPU
		{63ED5F29-8EEE-4953-9FBF-35C3774C9E61}.Debug|x64.ActiveCfg = Debug|Any CPU
		{63ED5F29-8EEE-4953-9FBF-35C3774C9E61}.Debug|x64.Build.0 = Debug|Any CPU
		{63ED5F29-8EEE-4953-9FBF-35C3774C9E61}.Debug|x86.ActiveCfg = Debug|Any CPU
		{63ED5F29-8EEE-4953-9FBF-35C3774C9E61}.Debug|x86.Build.0 = Debug|Any CPU
		{63ED5F29-8EEE-4953-9FBF-35C3774C9E61}.Release|Any CPU.ActiveCfg = Release|Any CPU
		{63ED5F29-8EEE-4953-9FBF-35C3774C9E61}.Release|Any CPU.Build.0 = Release|Any CPU
		{63ED5F29-8EEE-4953-9FBF-35C3774C9E61}.Release|x64.ActiveCfg = Release|Any CPU
		{63ED5F29-8EEE-4953-9FBF-35C3774C9E61}.Release|x64.Build.0 = Release|Any CPU
		{63ED5F29-8EEE-4953-9FBF-35C3774C9E61}.Release|x86.ActiveCfg = Release|Any CPU
		{63ED5F29-8EEE-4953-9FBF-35C3774C9E61}.Release|x86.Build.0 = Release|Any CPU
		{9EF431F4-3B45-45AD-9267-49841211422A}.Debug|Any CPU.ActiveCfg = Debug|Any CPU
		{9EF431F4-3B45-45AD-9267-49841211422A}.Debug|Any CPU.Build.0 = Debug|Any CPU
		{9EF431F4-3B45-45AD-9267-49841211422A}.Debug|x64.ActiveCfg = Debug|Any CPU
		{9EF431F4-3B45-45AD-9267-49841211422A}.Debug|x64.Build.0 = Debug|Any CPU
		{9EF431F4-3B45-45AD-9267-49841211422A}.Debug|x86.ActiveCfg = Debug|Any CPU
		{9EF431F4-3B45-45AD-9267-49841211422A}.Debug|x86.Build.0 = Debug|Any CPU
		{9EF431F4-3B45-45AD-9267-49841211422A}.Release|Any CPU.ActiveCfg = Release|Any CPU
		{9EF431F4-3B45-45AD-9267-49841211422A}.Release|Any CPU.Build.0 = Release|Any CPU
		{9EF431F4-3B45-45AD-9267-49841211422A}.Release|x64.ActiveCfg = Release|Any CPU
		{9EF431F4-3B45-45AD-9267-49841211422A}.Release|x64.Build.0 = Release|Any CPU
		{9EF431F4-3B45-45AD-9267-49841211422A}.Release|x86.ActiveCfg = Release|Any CPU
		{9EF431F4-3B45-45AD-9267-49841211422A}.Release|x86.Build.0 = Release|Any CPU
		{31637BC5-4DD6-4C38-83D0-2452BBC901AD}.Debug|Any CPU.ActiveCfg = Debug|Any CPU
		{31637BC5-4DD6-4C38-83D0-2452BBC901AD}.Debug|Any CPU.Build.0 = Debug|Any CPU
		{31637BC5-4DD6-4C38-83D0-2452BBC901AD}.Debug|x64.ActiveCfg = Debug|Any CPU
		{31637BC5-4DD6-4C38-83D0-2452BBC901AD}.Debug|x64.Build.0 = Debug|Any CPU
		{31637BC5-4DD6-4C38-83D0-2452BBC901AD}.Debug|x86.ActiveCfg = Debug|Any CPU
		{31637BC5-4DD6-4C38-83D0-2452BBC901AD}.Debug|x86.Build.0 = Debug|Any CPU
		{31637BC5-4DD6-4C38-83D0-2452BBC901AD}.Release|Any CPU.ActiveCfg = Release|Any CPU
		{31637BC5-4DD6-4C38-83D0-2452BBC901AD}.Release|Any CPU.Build.0 = Release|Any CPU
		{31637BC5-4DD6-4C38-83D0-2452BBC901AD}.Release|x64.ActiveCfg = Release|Any CPU
		{31637BC5-4DD6-4C38-83D0-2452BBC901AD}.Release|x64.Build.0 = Release|Any CPU
		{31637BC5-4DD6-4C38-83D0-2452BBC901AD}.Release|x86.ActiveCfg = Release|Any CPU
		{31637BC5-4DD6-4C38-83D0-2452BBC901AD}.Release|x86.Build.0 = Release|Any CPU
		{8F23CE51-8CD1-40D7-A7CE-1934D669F69A}.Debug|Any CPU.ActiveCfg = Debug|Any CPU
		{8F23CE51-8CD1-40D7-A7CE-1934D669F69A}.Debug|Any CPU.Build.0 = Debug|Any CPU
		{8F23CE51-8CD1-40D7-A7CE-1934D669F69A}.Debug|x64.ActiveCfg = Debug|Any CPU
		{8F23CE51-8CD1-40D7-A7CE-1934D669F69A}.Debug|x64.Build.0 = Debug|Any CPU
		{8F23CE51-8CD1-40D7-A7CE-1934D669F69A}.Debug|x86.ActiveCfg = Debug|Any CPU
		{8F23CE51-8CD1-40D7-A7CE-1934D669F69A}.Debug|x86.Build.0 = Debug|Any CPU
		{8F23CE51-8CD1-40D7-A7CE-1934D669F69A}.Release|Any CPU.ActiveCfg = Release|Any CPU
		{8F23CE51-8CD1-40D7-A7CE-1934D669F69A}.Release|Any CPU.Build.0 = Release|Any CPU
		{8F23CE51-8CD1-40D7-A7CE-1934D669F69A}.Release|x64.ActiveCfg = Release|Any CPU
		{8F23CE51-8CD1-40D7-A7CE-1934D669F69A}.Release|x64.Build.0 = Release|Any CPU
		{8F23CE51-8CD1-40D7-A7CE-1934D669F69A}.Release|x86.ActiveCfg = Release|Any CPU
		{8F23CE51-8CD1-40D7-A7CE-1934D669F69A}.Release|x86.Build.0 = Release|Any CPU
		{23997AEE-38CA-4099-92DF-DA5A1E0A4B1B}.Debug|Any CPU.ActiveCfg = Debug|Any CPU
		{23997AEE-38CA-4099-92DF-DA5A1E0A4B1B}.Debug|Any CPU.Build.0 = Debug|Any CPU
		{23997AEE-38CA-4099-92DF-DA5A1E0A4B1B}.Debug|x64.ActiveCfg = Debug|Any CPU
		{23997AEE-38CA-4099-92DF-DA5A1E0A4B1B}.Debug|x64.Build.0 = Debug|Any CPU
		{23997AEE-38CA-4099-92DF-DA5A1E0A4B1B}.Debug|x86.ActiveCfg = Debug|Any CPU
		{23997AEE-38CA-4099-92DF-DA5A1E0A4B1B}.Debug|x86.Build.0 = Debug|Any CPU
		{23997AEE-38CA-4099-92DF-DA5A1E0A4B1B}.Release|Any CPU.ActiveCfg = Release|Any CPU
		{23997AEE-38CA-4099-92DF-DA5A1E0A4B1B}.Release|Any CPU.Build.0 = Release|Any CPU
		{23997AEE-38CA-4099-92DF-DA5A1E0A4B1B}.Release|x64.ActiveCfg = Release|Any CPU
		{23997AEE-38CA-4099-92DF-DA5A1E0A4B1B}.Release|x64.Build.0 = Release|Any CPU
		{23997AEE-38CA-4099-92DF-DA5A1E0A4B1B}.Release|x86.ActiveCfg = Release|Any CPU
		{23997AEE-38CA-4099-92DF-DA5A1E0A4B1B}.Release|x86.Build.0 = Release|Any CPU
		{C1A5A4D3-61C3-4864-91A7-60CF3EEDD19E}.Debug|Any CPU.ActiveCfg = Debug|Any CPU
		{C1A5A4D3-61C3-4864-91A7-60CF3EEDD19E}.Debug|Any CPU.Build.0 = Debug|Any CPU
		{C1A5A4D3-61C3-4864-91A7-60CF3EEDD19E}.Debug|x64.ActiveCfg = Debug|Any CPU
		{C1A5A4D3-61C3-4864-91A7-60CF3EEDD19E}.Debug|x64.Build.0 = Debug|Any CPU
		{C1A5A4D3-61C3-4864-91A7-60CF3EEDD19E}.Debug|x86.ActiveCfg = Debug|Any CPU
		{C1A5A4D3-61C3-4864-91A7-60CF3EEDD19E}.Debug|x86.Build.0 = Debug|Any CPU
		{C1A5A4D3-61C3-4864-91A7-60CF3EEDD19E}.Release|Any CPU.ActiveCfg = Release|Any CPU
		{C1A5A4D3-61C3-4864-91A7-60CF3EEDD19E}.Release|Any CPU.Build.0 = Release|Any CPU
		{C1A5A4D3-61C3-4864-91A7-60CF3EEDD19E}.Release|x64.ActiveCfg = Release|Any CPU
		{C1A5A4D3-61C3-4864-91A7-60CF3EEDD19E}.Release|x64.Build.0 = Release|Any CPU
		{C1A5A4D3-61C3-4864-91A7-60CF3EEDD19E}.Release|x86.ActiveCfg = Release|Any CPU
		{C1A5A4D3-61C3-4864-91A7-60CF3EEDD19E}.Release|x86.Build.0 = Release|Any CPU
		{05694A90-A36D-4FE0-B095-ED5BB8B2CBD1}.Debug|Any CPU.ActiveCfg = Debug|Any CPU
		{05694A90-A36D-4FE0-B095-ED5BB8B2CBD1}.Debug|Any CPU.Build.0 = Debug|Any CPU
		{05694A90-A36D-4FE0-B095-ED5BB8B2CBD1}.Debug|x64.ActiveCfg = Debug|Any CPU
		{05694A90-A36D-4FE0-B095-ED5BB8B2CBD1}.Debug|x64.Build.0 = Debug|Any CPU
		{05694A90-A36D-4FE0-B095-ED5BB8B2CBD1}.Debug|x86.ActiveCfg = Debug|Any CPU
		{05694A90-A36D-4FE0-B095-ED5BB8B2CBD1}.Debug|x86.Build.0 = Debug|Any CPU
		{05694A90-A36D-4FE0-B095-ED5BB8B2CBD1}.Release|Any CPU.ActiveCfg = Release|Any CPU
		{05694A90-A36D-4FE0-B095-ED5BB8B2CBD1}.Release|Any CPU.Build.0 = Release|Any CPU
		{05694A90-A36D-4FE0-B095-ED5BB8B2CBD1}.Release|x64.ActiveCfg = Release|Any CPU
		{05694A90-A36D-4FE0-B095-ED5BB8B2CBD1}.Release|x64.Build.0 = Release|Any CPU
		{05694A90-A36D-4FE0-B095-ED5BB8B2CBD1}.Release|x86.ActiveCfg = Release|Any CPU
		{05694A90-A36D-4FE0-B095-ED5BB8B2CBD1}.Release|x86.Build.0 = Release|Any CPU
		{39E62189-CEAB-4FF8-8B98-71D715DBCCCD}.Debug|Any CPU.ActiveCfg = Debug|Any CPU
		{39E62189-CEAB-4FF8-8B98-71D715DBCCCD}.Debug|Any CPU.Build.0 = Debug|Any CPU
		{39E62189-CEAB-4FF8-8B98-71D715DBCCCD}.Debug|x64.ActiveCfg = Debug|Any CPU
		{39E62189-CEAB-4FF8-8B98-71D715DBCCCD}.Debug|x64.Build.0 = Debug|Any CPU
		{39E62189-CEAB-4FF8-8B98-71D715DBCCCD}.Debug|x86.ActiveCfg = Debug|Any CPU
		{39E62189-CEAB-4FF8-8B98-71D715DBCCCD}.Debug|x86.Build.0 = Debug|Any CPU
		{39E62189-CEAB-4FF8-8B98-71D715DBCCCD}.Release|Any CPU.ActiveCfg = Release|Any CPU
		{39E62189-CEAB-4FF8-8B98-71D715DBCCCD}.Release|Any CPU.Build.0 = Release|Any CPU
		{39E62189-CEAB-4FF8-8B98-71D715DBCCCD}.Release|x64.ActiveCfg = Release|Any CPU
		{39E62189-CEAB-4FF8-8B98-71D715DBCCCD}.Release|x64.Build.0 = Release|Any CPU
		{39E62189-CEAB-4FF8-8B98-71D715DBCCCD}.Release|x86.ActiveCfg = Release|Any CPU
		{39E62189-CEAB-4FF8-8B98-71D715DBCCCD}.Release|x86.Build.0 = Release|Any CPU
		{52D33A86-0143-475E-8B07-4A954E77A0B5}.Debug|Any CPU.ActiveCfg = Debug|Any CPU
		{52D33A86-0143-475E-8B07-4A954E77A0B5}.Debug|Any CPU.Build.0 = Debug|Any CPU
		{52D33A86-0143-475E-8B07-4A954E77A0B5}.Debug|x64.ActiveCfg = Debug|Any CPU
		{52D33A86-0143-475E-8B07-4A954E77A0B5}.Debug|x64.Build.0 = Debug|Any CPU
		{52D33A86-0143-475E-8B07-4A954E77A0B5}.Debug|x86.ActiveCfg = Debug|Any CPU
		{52D33A86-0143-475E-8B07-4A954E77A0B5}.Debug|x86.Build.0 = Debug|Any CPU
		{52D33A86-0143-475E-8B07-4A954E77A0B5}.Release|Any CPU.ActiveCfg = Release|Any CPU
		{52D33A86-0143-475E-8B07-4A954E77A0B5}.Release|Any CPU.Build.0 = Release|Any CPU
		{52D33A86-0143-475E-8B07-4A954E77A0B5}.Release|x64.ActiveCfg = Release|Any CPU
		{52D33A86-0143-475E-8B07-4A954E77A0B5}.Release|x64.Build.0 = Release|Any CPU
		{52D33A86-0143-475E-8B07-4A954E77A0B5}.Release|x86.ActiveCfg = Release|Any CPU
		{52D33A86-0143-475E-8B07-4A954E77A0B5}.Release|x86.Build.0 = Release|Any CPU
		{E67B48BD-820D-4281-AFAD-004918FFD350}.Debug|Any CPU.ActiveCfg = Debug|Any CPU
		{E67B48BD-820D-4281-AFAD-004918FFD350}.Debug|Any CPU.Build.0 = Debug|Any CPU
		{E67B48BD-820D-4281-AFAD-004918FFD350}.Debug|x64.ActiveCfg = Debug|Any CPU
		{E67B48BD-820D-4281-AFAD-004918FFD350}.Debug|x64.Build.0 = Debug|Any CPU
		{E67B48BD-820D-4281-AFAD-004918FFD350}.Debug|x86.ActiveCfg = Debug|Any CPU
		{E67B48BD-820D-4281-AFAD-004918FFD350}.Debug|x86.Build.0 = Debug|Any CPU
		{E67B48BD-820D-4281-AFAD-004918FFD350}.Release|Any CPU.ActiveCfg = Release|Any CPU
		{E67B48BD-820D-4281-AFAD-004918FFD350}.Release|Any CPU.Build.0 = Release|Any CPU
		{E67B48BD-820D-4281-AFAD-004918FFD350}.Release|x64.ActiveCfg = Release|Any CPU
		{E67B48BD-820D-4281-AFAD-004918FFD350}.Release|x64.Build.0 = Release|Any CPU
		{E67B48BD-820D-4281-AFAD-004918FFD350}.Release|x86.ActiveCfg = Release|Any CPU
		{E67B48BD-820D-4281-AFAD-004918FFD350}.Release|x86.Build.0 = Release|Any CPU
		{95DF2B9B-4E41-42EC-8EB8-070810155B04}.Debug|Any CPU.ActiveCfg = Debug|Any CPU
		{95DF2B9B-4E41-42EC-8EB8-070810155B04}.Debug|Any CPU.Build.0 = Debug|Any CPU
		{95DF2B9B-4E41-42EC-8EB8-070810155B04}.Debug|x64.ActiveCfg = Debug|Any CPU
		{95DF2B9B-4E41-42EC-8EB8-070810155B04}.Debug|x64.Build.0 = Debug|Any CPU
		{95DF2B9B-4E41-42EC-8EB8-070810155B04}.Debug|x86.ActiveCfg = Debug|Any CPU
		{95DF2B9B-4E41-42EC-8EB8-070810155B04}.Debug|x86.Build.0 = Debug|Any CPU
		{95DF2B9B-4E41-42EC-8EB8-070810155B04}.Release|Any CPU.ActiveCfg = Release|Any CPU
		{95DF2B9B-4E41-42EC-8EB8-070810155B04}.Release|Any CPU.Build.0 = Release|Any CPU
		{95DF2B9B-4E41-42EC-8EB8-070810155B04}.Release|x64.ActiveCfg = Release|Any CPU
		{95DF2B9B-4E41-42EC-8EB8-070810155B04}.Release|x64.Build.0 = Release|Any CPU
		{95DF2B9B-4E41-42EC-8EB8-070810155B04}.Release|x86.ActiveCfg = Release|Any CPU
		{95DF2B9B-4E41-42EC-8EB8-070810155B04}.Release|x86.Build.0 = Release|Any CPU
		{B0BCD210-04E1-440C-96D4-3AFD4706101C}.Debug|Any CPU.ActiveCfg = Debug|Any CPU
		{B0BCD210-04E1-440C-96D4-3AFD4706101C}.Debug|Any CPU.Build.0 = Debug|Any CPU
		{B0BCD210-04E1-440C-96D4-3AFD4706101C}.Debug|x64.ActiveCfg = Debug|Any CPU
		{B0BCD210-04E1-440C-96D4-3AFD4706101C}.Debug|x64.Build.0 = Debug|Any CPU
		{B0BCD210-04E1-440C-96D4-3AFD4706101C}.Debug|x86.ActiveCfg = Debug|Any CPU
		{B0BCD210-04E1-440C-96D4-3AFD4706101C}.Debug|x86.Build.0 = Debug|Any CPU
		{B0BCD210-04E1-440C-96D4-3AFD4706101C}.Release|Any CPU.ActiveCfg = Release|Any CPU
		{B0BCD210-04E1-440C-96D4-3AFD4706101C}.Release|Any CPU.Build.0 = Release|Any CPU
		{B0BCD210-04E1-440C-96D4-3AFD4706101C}.Release|x64.ActiveCfg = Release|Any CPU
		{B0BCD210-04E1-440C-96D4-3AFD4706101C}.Release|x64.Build.0 = Release|Any CPU
		{B0BCD210-04E1-440C-96D4-3AFD4706101C}.Release|x86.ActiveCfg = Release|Any CPU
		{B0BCD210-04E1-440C-96D4-3AFD4706101C}.Release|x86.Build.0 = Release|Any CPU
	EndGlobalSection
	GlobalSection(NestedProjects) = preSolution
		{AFB03145-71CE-4568-8AB0-E42775D4B184} = {FC4E9706-F7ED-4E56-B71A-A986E8925F97}
		{0DF016BB-2309-4471-80DB-2A68A6B97C35} = {453EC574-EC9D-4B3A-AC9A-546B62255524}
		{63ED5F29-8EEE-4953-9FBF-35C3774C9E61} = {68BDF36B-DE9D-4C8F-BC4C-14C36A2DAFE1}
		{31637BC5-4DD6-4C38-83D0-2452BBC901AD} = {331AB9E8-334B-47E3-8A7A-61F2F38096BF}
		{8F23CE51-8CD1-40D7-A7CE-1934D669F69A} = {5D1BF34D-4E6C-42DA-97D8-8183849F9ED8}
		{23997AEE-38CA-4099-92DF-DA5A1E0A4B1B} = {026099D3-2B9C-4A75-92B3-EAA90B2D32AB}
		{C1A5A4D3-61C3-4864-91A7-60CF3EEDD19E} = {A0B4F8C0-CB34-4284-9BCD-4DB366A1984A}
		{05694A90-A36D-4FE0-B095-ED5BB8B2CBD1} = {C2CEDE4A-8ED6-4DC7-8FA7-C3DD5FF3EC27}
		{39E62189-CEAB-4FF8-8B98-71D715DBCCCD} = {0069C457-794F-4317-81B5-5CDC7B935DA6}
		{52D33A86-0143-475E-8B07-4A954E77A0B5} = {B07E6B0D-D138-434C-A962-E89C198FD141}
		{E67B48BD-820D-4281-AFAD-004918FFD350} = {DB8E12F0-CF35-44B8-9E6A-E47E103F6171}
	EndGlobalSection
EndGlobal
