
Microsoft Visual Studio Solution File, Format Version 12.00
# Visual Studio 15
VisualStudioVersion = 15.0.26124.0
MinimumVisualStudioVersion = 15.0.26124.0
Project("{FAE04EC0-301F-11D3-BF4B-00C04F79EFBC}") = "Convey.Auth", "..\Convey.Auth\src\Convey.Auth\Convey.Auth.csproj", "{74B1E493-DE8F-4387-8E81-AC20D28739D3}"
EndProject
Project("{FAE04EC0-301F-11D3-BF4B-00C04F79EFBC}") = "Convey.CQRS.Commands", "..\Convey.CQRS.Commands\src\Convey.CQRS.Commands\Convey.CQRS.Commands.csproj", "{DFC8112E-AB12-4F0F-9B16-34B1B7811D3D}"
EndProject
Project("{FAE04EC0-301F-11D3-BF4B-00C04F79EFBC}") = "Convey.CQRS.Events", "..\Convey.CQRS.Events\src\Convey.CQRS.Events\Convey.CQRS.Events.csproj", "{8C82ADF6-9621-460E-8076-BD26BCBB3AC7}"
EndProject
Project("{FAE04EC0-301F-11D3-BF4B-00C04F79EFBC}") = "Convey.CQRS.Queries", "..\Convey.CQRS.Queries\src\Convey.CQRS.Queries\Convey.CQRS.Queries.csproj", "{208B4125-5684-4A89-9BBB-EF7ACBB25FF2}"
EndProject
Project("{FAE04EC0-301F-11D3-BF4B-00C04F79EFBC}") = "Convey.Discovery.Consul", "..\Convey.Discovery.Consul\src\Convey.Discovery.Consul\Convey.Discovery.Consul.csproj", "{D5342F68-3490-4A86-98EE-6D8918F2D69D}"
EndProject
Project("{FAE04EC0-301F-11D3-BF4B-00C04F79EFBC}") = "Convey.Docs.Swagger", "..\Convey.Docs.Swagger\src\Convey.Docs.Swagger\Convey.Docs.Swagger.csproj", "{832C0B34-D6B2-4EB7-8643-CF3ADC17AAB7}"
EndProject
Project("{FAE04EC0-301F-11D3-BF4B-00C04F79EFBC}") = "Convey.HTTP.RestEase", "..\Convey.HTTP.RestEase\src\Convey.HTTP.RestEase\Convey.HTTP.RestEase.csproj", "{B2FE0808-E13E-499A-B329-50E9506D2DB8}"
EndProject
Project("{FAE04EC0-301F-11D3-BF4B-00C04F79EFBC}") = "Convey.LoadBalancing.Fabio", "..\Convey.LoadBalancing.Fabio\src\Convey.LoadBalancing.Fabio\Convey.LoadBalancing.Fabio.csproj", "{564347B4-9FBA-4ECC-BB66-FBD07B9C7B4F}"
EndProject
Project("{FAE04EC0-301F-11D3-BF4B-00C04F79EFBC}") = "Convey.MessageBrokers.CQRS", "..\Convey.MessageBrokers.CQRS\src\Convey.MessageBrokers.CQRS\Convey.MessageBrokers.CQRS.csproj", "{B88C66A3-69F1-4016-9673-425E0E363FA6}"
EndProject
Project("{FAE04EC0-301F-11D3-BF4B-00C04F79EFBC}") = "Convey.MessageBrokers.RabbitMQ", "..\Convey.MessageBrokers.RabbitMQ\src\Convey.MessageBrokers.RabbitMQ\Convey.MessageBrokers.RabbitMQ.csproj", "{116B1AE2-EC4C-46D6-ADF8-C285C21AF0DD}"
EndProject
Project("{FAE04EC0-301F-11D3-BF4B-00C04F79EFBC}") = "Convey.MessageBrokers", "..\Convey.MessageBrokers\src\Convey.MessageBrokers\Convey.MessageBrokers.csproj", "{94DC514D-94A5-4662-8E5E-40FDDF348A4A}"
EndProject
Project("{FAE04EC0-301F-11D3-BF4B-00C04F79EFBC}") = "Convey.Metrics.AppMetrics", "..\Convey.Metrics.AppMetrics\src\Convey.Metrics.AppMetrics\Convey.Metrics.AppMetrics.csproj", "{EFDB4E86-F981-49D6-A92C-2599CF047EDA}"
EndProject
Project("{FAE04EC0-301F-11D3-BF4B-00C04F79EFBC}") = "Convey.Persistence.MongoDB", "..\Convey.Persistence.MongoDB\src\Convey.Persistence.MongoDB\Convey.Persistence.MongoDB.csproj", "{D7B751AA-DDB5-4EFF-817E-F314D4C2530E}"
EndProject
Project("{FAE04EC0-301F-11D3-BF4B-00C04F79EFBC}") = "Convey.Persistence.Redis", "..\Convey.Persistence.Redis\src\Convey.Persistence.Redis\Convey.Persistence.Redis.csproj", "{00400923-9C67-42F9-8D81-22F410A3EC66}"
EndProject
Project("{FAE04EC0-301F-11D3-BF4B-00C04F79EFBC}") = "Convey", "src\Convey\Convey.csproj", "{C78A69BE-8AF5-438B-AC8C-8468E7AFD1BD}"
EndProject
Project("{FAE04EC0-301F-11D3-BF4B-00C04F79EFBC}") = "Convey.Tracing.Jaeger.RabbitMQ", "..\Convey.Tracing.Jaeger.RabbitMQ\src\Convey.Tracing.Jaeger.RabbitMQ\Convey.Tracing.Jaeger.RabbitMQ.csproj", "{50025894-F595-4F65-843E-AE2620096A6E}"
EndProject
Project("{FAE04EC0-301F-11D3-BF4B-00C04F79EFBC}") = "Convey.Tracing.Jaeger", "..\Convey.Tracing.Jaeger\src\Convey.Tracing.Jaeger\Convey.Tracing.Jaeger.csproj", "{13C55C7F-C4B9-47FD-85BA-3703254D3727}"
EndProject
Project("{FAE04EC0-301F-11D3-BF4B-00C04F79EFBC}") = "Convey.WebApi.CQRS", "..\Convey.WebApi.CQRS\src\Convey.WebApi.CQRS\Convey.WebApi.CQRS.csproj", "{E7343A7F-A45A-47E4-9DA1-498451FDC5AA}"
EndProject
Project("{FAE04EC0-301F-11D3-BF4B-00C04F79EFBC}") = "Convey.WebApi", "..\Convey.WebApi\src\Convey.WebApi\Convey.WebApi.csproj", "{7B283EB4-6F28-43D4-A0C3-25B4FDD36842}"
EndProject
Project("{FAE04EC0-301F-11D3-BF4B-00C04F79EFBC}") = "Convey.WebApi.Swagger", "..\Convey.WebApi.Swagger\src\Convey.WebApi.Swagger\Convey.WebApi.Swagger.csproj", "{54D40B40-1CD5-4224-A548-AE4E6B0EB33D}"
EndProject
Project("{FAE04EC0-301F-11D3-BF4B-00C04F79EFBC}") = "Convey.Configurations.Vault", "..\Convey.Configurations.Vault\src\Convey.Configurations.Vault\Convey.Configurations.Vault.csproj", "{50F9C305-76AE-4746-8127-DC1DC0DFA111}"
EndProject
Project("{FAE04EC0-301F-11D3-BF4B-00C04F79EFBC}") = "Convey.HTTP", "..\Convey.HTTP\src\Convey.HTTP\Convey.HTTP.csproj", "{8CB8C374-4F2C-403C-92A5-B7991324C5F6}"
EndProject
Project("{FAE04EC0-301F-11D3-BF4B-00C04F79EFBC}") = "Convey.Logging", "..\Convey.Logging\src\Convey.Logging\Convey.Logging.csproj", "{B63BB819-2719-4628-AD45-1E499484AB55}"
EndProject
Project("{FAE04EC0-301F-11D3-BF4B-00C04F79EFBC}") = "TestApp", "..\TestApp\TestApp.csproj", "{9B5BD2B5-D901-4A34-AA7E-029956D28897}"
EndProject
Project("{FAE04EC0-301F-11D3-BF4B-00C04F79EFBC}") = "Convey.Logging.CQRS", "..\Convey.Logging.CQRS\src\Convey.Logging.CQRS\Convey.Logging.CQRS.csproj", "{B116ACAB-43FF-4B59-A1CF-251555703D44}"
EndProject
Global
	GlobalSection(SolutionConfigurationPlatforms) = preSolution
		Debug|Any CPU = Debug|Any CPU
		Debug|x64 = Debug|x64
		Debug|x86 = Debug|x86
		Release|Any CPU = Release|Any CPU
		Release|x64 = Release|x64
		Release|x86 = Release|x86
	EndGlobalSection
	GlobalSection(SolutionProperties) = preSolution
		HideSolutionNode = FALSE
	EndGlobalSection
	GlobalSection(ProjectConfigurationPlatforms) = postSolution
		{74B1E493-DE8F-4387-8E81-AC20D28739D3}.Debug|Any CPU.ActiveCfg = Debug|Any CPU
		{74B1E493-DE8F-4387-8E81-AC20D28739D3}.Debug|Any CPU.Build.0 = Debug|Any CPU
		{74B1E493-DE8F-4387-8E81-AC20D28739D3}.Debug|x64.ActiveCfg = Debug|Any CPU
		{74B1E493-DE8F-4387-8E81-AC20D28739D3}.Debug|x64.Build.0 = Debug|Any CPU
		{74B1E493-DE8F-4387-8E81-AC20D28739D3}.Debug|x86.ActiveCfg = Debug|Any CPU
		{74B1E493-DE8F-4387-8E81-AC20D28739D3}.Debug|x86.Build.0 = Debug|Any CPU
		{74B1E493-DE8F-4387-8E81-AC20D28739D3}.Release|Any CPU.ActiveCfg = Release|Any CPU
		{74B1E493-DE8F-4387-8E81-AC20D28739D3}.Release|Any CPU.Build.0 = Release|Any CPU
		{74B1E493-DE8F-4387-8E81-AC20D28739D3}.Release|x64.ActiveCfg = Release|Any CPU
		{74B1E493-DE8F-4387-8E81-AC20D28739D3}.Release|x64.Build.0 = Release|Any CPU
		{74B1E493-DE8F-4387-8E81-AC20D28739D3}.Release|x86.ActiveCfg = Release|Any CPU
		{74B1E493-DE8F-4387-8E81-AC20D28739D3}.Release|x86.Build.0 = Release|Any CPU
		{DFC8112E-AB12-4F0F-9B16-34B1B7811D3D}.Debug|Any CPU.ActiveCfg = Debug|Any CPU
		{DFC8112E-AB12-4F0F-9B16-34B1B7811D3D}.Debug|Any CPU.Build.0 = Debug|Any CPU
		{DFC8112E-AB12-4F0F-9B16-34B1B7811D3D}.Debug|x64.ActiveCfg = Debug|Any CPU
		{DFC8112E-AB12-4F0F-9B16-34B1B7811D3D}.Debug|x64.Build.0 = Debug|Any CPU
		{DFC8112E-AB12-4F0F-9B16-34B1B7811D3D}.Debug|x86.ActiveCfg = Debug|Any CPU
		{DFC8112E-AB12-4F0F-9B16-34B1B7811D3D}.Debug|x86.Build.0 = Debug|Any CPU
		{DFC8112E-AB12-4F0F-9B16-34B1B7811D3D}.Release|Any CPU.ActiveCfg = Release|Any CPU
		{DFC8112E-AB12-4F0F-9B16-34B1B7811D3D}.Release|Any CPU.Build.0 = Release|Any CPU
		{DFC8112E-AB12-4F0F-9B16-34B1B7811D3D}.Release|x64.ActiveCfg = Release|Any CPU
		{DFC8112E-AB12-4F0F-9B16-34B1B7811D3D}.Release|x64.Build.0 = Release|Any CPU
		{DFC8112E-AB12-4F0F-9B16-34B1B7811D3D}.Release|x86.ActiveCfg = Release|Any CPU
		{DFC8112E-AB12-4F0F-9B16-34B1B7811D3D}.Release|x86.Build.0 = Release|Any CPU
		{8C82ADF6-9621-460E-8076-BD26BCBB3AC7}.Debug|Any CPU.ActiveCfg = Debug|Any CPU
		{8C82ADF6-9621-460E-8076-BD26BCBB3AC7}.Debug|Any CPU.Build.0 = Debug|Any CPU
		{8C82ADF6-9621-460E-8076-BD26BCBB3AC7}.Debug|x64.ActiveCfg = Debug|Any CPU
		{8C82ADF6-9621-460E-8076-BD26BCBB3AC7}.Debug|x64.Build.0 = Debug|Any CPU
		{8C82ADF6-9621-460E-8076-BD26BCBB3AC7}.Debug|x86.ActiveCfg = Debug|Any CPU
		{8C82ADF6-9621-460E-8076-BD26BCBB3AC7}.Debug|x86.Build.0 = Debug|Any CPU
		{8C82ADF6-9621-460E-8076-BD26BCBB3AC7}.Release|Any CPU.ActiveCfg = Release|Any CPU
		{8C82ADF6-9621-460E-8076-BD26BCBB3AC7}.Release|Any CPU.Build.0 = Release|Any CPU
		{8C82ADF6-9621-460E-8076-BD26BCBB3AC7}.Release|x64.ActiveCfg = Release|Any CPU
		{8C82ADF6-9621-460E-8076-BD26BCBB3AC7}.Release|x64.Build.0 = Release|Any CPU
		{8C82ADF6-9621-460E-8076-BD26BCBB3AC7}.Release|x86.ActiveCfg = Release|Any CPU
		{8C82ADF6-9621-460E-8076-BD26BCBB3AC7}.Release|x86.Build.0 = Release|Any CPU
		{208B4125-5684-4A89-9BBB-EF7ACBB25FF2}.Debug|Any CPU.ActiveCfg = Debug|Any CPU
		{208B4125-5684-4A89-9BBB-EF7ACBB25FF2}.Debug|Any CPU.Build.0 = Debug|Any CPU
		{208B4125-5684-4A89-9BBB-EF7ACBB25FF2}.Debug|x64.ActiveCfg = Debug|Any CPU
		{208B4125-5684-4A89-9BBB-EF7ACBB25FF2}.Debug|x64.Build.0 = Debug|Any CPU
		{208B4125-5684-4A89-9BBB-EF7ACBB25FF2}.Debug|x86.ActiveCfg = Debug|Any CPU
		{208B4125-5684-4A89-9BBB-EF7ACBB25FF2}.Debug|x86.Build.0 = Debug|Any CPU
		{208B4125-5684-4A89-9BBB-EF7ACBB25FF2}.Release|Any CPU.ActiveCfg = Release|Any CPU
		{208B4125-5684-4A89-9BBB-EF7ACBB25FF2}.Release|Any CPU.Build.0 = Release|Any CPU
		{208B4125-5684-4A89-9BBB-EF7ACBB25FF2}.Release|x64.ActiveCfg = Release|Any CPU
		{208B4125-5684-4A89-9BBB-EF7ACBB25FF2}.Release|x64.Build.0 = Release|Any CPU
		{208B4125-5684-4A89-9BBB-EF7ACBB25FF2}.Release|x86.ActiveCfg = Release|Any CPU
		{208B4125-5684-4A89-9BBB-EF7ACBB25FF2}.Release|x86.Build.0 = Release|Any CPU
		{D5342F68-3490-4A86-98EE-6D8918F2D69D}.Debug|Any CPU.ActiveCfg = Debug|Any CPU
		{D5342F68-3490-4A86-98EE-6D8918F2D69D}.Debug|Any CPU.Build.0 = Debug|Any CPU
		{D5342F68-3490-4A86-98EE-6D8918F2D69D}.Debug|x64.ActiveCfg = Debug|Any CPU
		{D5342F68-3490-4A86-98EE-6D8918F2D69D}.Debug|x64.Build.0 = Debug|Any CPU
		{D5342F68-3490-4A86-98EE-6D8918F2D69D}.Debug|x86.ActiveCfg = Debug|Any CPU
		{D5342F68-3490-4A86-98EE-6D8918F2D69D}.Debug|x86.Build.0 = Debug|Any CPU
		{D5342F68-3490-4A86-98EE-6D8918F2D69D}.Release|Any CPU.ActiveCfg = Release|Any CPU
		{D5342F68-3490-4A86-98EE-6D8918F2D69D}.Release|Any CPU.Build.0 = Release|Any CPU
		{D5342F68-3490-4A86-98EE-6D8918F2D69D}.Release|x64.ActiveCfg = Release|Any CPU
		{D5342F68-3490-4A86-98EE-6D8918F2D69D}.Release|x64.Build.0 = Release|Any CPU
		{D5342F68-3490-4A86-98EE-6D8918F2D69D}.Release|x86.ActiveCfg = Release|Any CPU
		{D5342F68-3490-4A86-98EE-6D8918F2D69D}.Release|x86.Build.0 = Release|Any CPU
		{832C0B34-D6B2-4EB7-8643-CF3ADC17AAB7}.Debug|Any CPU.ActiveCfg = Debug|Any CPU
		{832C0B34-D6B2-4EB7-8643-CF3ADC17AAB7}.Debug|Any CPU.Build.0 = Debug|Any CPU
		{832C0B34-D6B2-4EB7-8643-CF3ADC17AAB7}.Debug|x64.ActiveCfg = Debug|Any CPU
		{832C0B34-D6B2-4EB7-8643-CF3ADC17AAB7}.Debug|x64.Build.0 = Debug|Any CPU
		{832C0B34-D6B2-4EB7-8643-CF3ADC17AAB7}.Debug|x86.ActiveCfg = Debug|Any CPU
		{832C0B34-D6B2-4EB7-8643-CF3ADC17AAB7}.Debug|x86.Build.0 = Debug|Any CPU
		{832C0B34-D6B2-4EB7-8643-CF3ADC17AAB7}.Release|Any CPU.ActiveCfg = Release|Any CPU
		{832C0B34-D6B2-4EB7-8643-CF3ADC17AAB7}.Release|Any CPU.Build.0 = Release|Any CPU
		{832C0B34-D6B2-4EB7-8643-CF3ADC17AAB7}.Release|x64.ActiveCfg = Release|Any CPU
		{832C0B34-D6B2-4EB7-8643-CF3ADC17AAB7}.Release|x64.Build.0 = Release|Any CPU
		{832C0B34-D6B2-4EB7-8643-CF3ADC17AAB7}.Release|x86.ActiveCfg = Release|Any CPU
		{832C0B34-D6B2-4EB7-8643-CF3ADC17AAB7}.Release|x86.Build.0 = Release|Any CPU
		{B2FE0808-E13E-499A-B329-50E9506D2DB8}.Debug|Any CPU.ActiveCfg = Debug|Any CPU
		{B2FE0808-E13E-499A-B329-50E9506D2DB8}.Debug|Any CPU.Build.0 = Debug|Any CPU
		{B2FE0808-E13E-499A-B329-50E9506D2DB8}.Debug|x64.ActiveCfg = Debug|Any CPU
		{B2FE0808-E13E-499A-B329-50E9506D2DB8}.Debug|x64.Build.0 = Debug|Any CPU
		{B2FE0808-E13E-499A-B329-50E9506D2DB8}.Debug|x86.ActiveCfg = Debug|Any CPU
		{B2FE0808-E13E-499A-B329-50E9506D2DB8}.Debug|x86.Build.0 = Debug|Any CPU
		{B2FE0808-E13E-499A-B329-50E9506D2DB8}.Release|Any CPU.ActiveCfg = Release|Any CPU
		{B2FE0808-E13E-499A-B329-50E9506D2DB8}.Release|Any CPU.Build.0 = Release|Any CPU
		{B2FE0808-E13E-499A-B329-50E9506D2DB8}.Release|x64.ActiveCfg = Release|Any CPU
		{B2FE0808-E13E-499A-B329-50E9506D2DB8}.Release|x64.Build.0 = Release|Any CPU
		{B2FE0808-E13E-499A-B329-50E9506D2DB8}.Release|x86.ActiveCfg = Release|Any CPU
		{B2FE0808-E13E-499A-B329-50E9506D2DB8}.Release|x86.Build.0 = Release|Any CPU
		{564347B4-9FBA-4ECC-BB66-FBD07B9C7B4F}.Debug|Any CPU.ActiveCfg = Debug|Any CPU
		{564347B4-9FBA-4ECC-BB66-FBD07B9C7B4F}.Debug|Any CPU.Build.0 = Debug|Any CPU
		{564347B4-9FBA-4ECC-BB66-FBD07B9C7B4F}.Debug|x64.ActiveCfg = Debug|Any CPU
		{564347B4-9FBA-4ECC-BB66-FBD07B9C7B4F}.Debug|x64.Build.0 = Debug|Any CPU
		{564347B4-9FBA-4ECC-BB66-FBD07B9C7B4F}.Debug|x86.ActiveCfg = Debug|Any CPU
		{564347B4-9FBA-4ECC-BB66-FBD07B9C7B4F}.Debug|x86.Build.0 = Debug|Any CPU
		{564347B4-9FBA-4ECC-BB66-FBD07B9C7B4F}.Release|Any CPU.ActiveCfg = Release|Any CPU
		{564347B4-9FBA-4ECC-BB66-FBD07B9C7B4F}.Release|Any CPU.Build.0 = Release|Any CPU
		{564347B4-9FBA-4ECC-BB66-FBD07B9C7B4F}.Release|x64.ActiveCfg = Release|Any CPU
		{564347B4-9FBA-4ECC-BB66-FBD07B9C7B4F}.Release|x64.Build.0 = Release|Any CPU
		{564347B4-9FBA-4ECC-BB66-FBD07B9C7B4F}.Release|x86.ActiveCfg = Release|Any CPU
		{564347B4-9FBA-4ECC-BB66-FBD07B9C7B4F}.Release|x86.Build.0 = Release|Any CPU
		{B88C66A3-69F1-4016-9673-425E0E363FA6}.Debug|Any CPU.ActiveCfg = Debug|Any CPU
		{B88C66A3-69F1-4016-9673-425E0E363FA6}.Debug|Any CPU.Build.0 = Debug|Any CPU
		{B88C66A3-69F1-4016-9673-425E0E363FA6}.Debug|x64.ActiveCfg = Debug|Any CPU
		{B88C66A3-69F1-4016-9673-425E0E363FA6}.Debug|x64.Build.0 = Debug|Any CPU
		{B88C66A3-69F1-4016-9673-425E0E363FA6}.Debug|x86.ActiveCfg = Debug|Any CPU
		{B88C66A3-69F1-4016-9673-425E0E363FA6}.Debug|x86.Build.0 = Debug|Any CPU
		{B88C66A3-69F1-4016-9673-425E0E363FA6}.Release|Any CPU.ActiveCfg = Release|Any CPU
		{B88C66A3-69F1-4016-9673-425E0E363FA6}.Release|Any CPU.Build.0 = Release|Any CPU
		{B88C66A3-69F1-4016-9673-425E0E363FA6}.Release|x64.ActiveCfg = Release|Any CPU
		{B88C66A3-69F1-4016-9673-425E0E363FA6}.Release|x64.Build.0 = Release|Any CPU
		{B88C66A3-69F1-4016-9673-425E0E363FA6}.Release|x86.ActiveCfg = Release|Any CPU
		{B88C66A3-69F1-4016-9673-425E0E363FA6}.Release|x86.Build.0 = Release|Any CPU
		{116B1AE2-EC4C-46D6-ADF8-C285C21AF0DD}.Debug|Any CPU.ActiveCfg = Debug|Any CPU
		{116B1AE2-EC4C-46D6-ADF8-C285C21AF0DD}.Debug|Any CPU.Build.0 = Debug|Any CPU
		{116B1AE2-EC4C-46D6-ADF8-C285C21AF0DD}.Debug|x64.ActiveCfg = Debug|Any CPU
		{116B1AE2-EC4C-46D6-ADF8-C285C21AF0DD}.Debug|x64.Build.0 = Debug|Any CPU
		{116B1AE2-EC4C-46D6-ADF8-C285C21AF0DD}.Debug|x86.ActiveCfg = Debug|Any CPU
		{116B1AE2-EC4C-46D6-ADF8-C285C21AF0DD}.Debug|x86.Build.0 = Debug|Any CPU
		{116B1AE2-EC4C-46D6-ADF8-C285C21AF0DD}.Release|Any CPU.ActiveCfg = Release|Any CPU
		{116B1AE2-EC4C-46D6-ADF8-C285C21AF0DD}.Release|Any CPU.Build.0 = Release|Any CPU
		{116B1AE2-EC4C-46D6-ADF8-C285C21AF0DD}.Release|x64.ActiveCfg = Release|Any CPU
		{116B1AE2-EC4C-46D6-ADF8-C285C21AF0DD}.Release|x64.Build.0 = Release|Any CPU
		{116B1AE2-EC4C-46D6-ADF8-C285C21AF0DD}.Release|x86.ActiveCfg = Release|Any CPU
		{116B1AE2-EC4C-46D6-ADF8-C285C21AF0DD}.Release|x86.Build.0 = Release|Any CPU
		{94DC514D-94A5-4662-8E5E-40FDDF348A4A}.Debug|Any CPU.ActiveCfg = Debug|Any CPU
		{94DC514D-94A5-4662-8E5E-40FDDF348A4A}.Debug|Any CPU.Build.0 = Debug|Any CPU
		{94DC514D-94A5-4662-8E5E-40FDDF348A4A}.Debug|x64.ActiveCfg = Debug|Any CPU
		{94DC514D-94A5-4662-8E5E-40FDDF348A4A}.Debug|x64.Build.0 = Debug|Any CPU
		{94DC514D-94A5-4662-8E5E-40FDDF348A4A}.Debug|x86.ActiveCfg = Debug|Any CPU
		{94DC514D-94A5-4662-8E5E-40FDDF348A4A}.Debug|x86.Build.0 = Debug|Any CPU
		{94DC514D-94A5-4662-8E5E-40FDDF348A4A}.Release|Any CPU.ActiveCfg = Release|Any CPU
		{94DC514D-94A5-4662-8E5E-40FDDF348A4A}.Release|Any CPU.Build.0 = Release|Any CPU
		{94DC514D-94A5-4662-8E5E-40FDDF348A4A}.Release|x64.ActiveCfg = Release|Any CPU
		{94DC514D-94A5-4662-8E5E-40FDDF348A4A}.Release|x64.Build.0 = Release|Any CPU
		{94DC514D-94A5-4662-8E5E-40FDDF348A4A}.Release|x86.ActiveCfg = Release|Any CPU
		{94DC514D-94A5-4662-8E5E-40FDDF348A4A}.Release|x86.Build.0 = Release|Any CPU
		{EFDB4E86-F981-49D6-A92C-2599CF047EDA}.Debug|Any CPU.ActiveCfg = Debug|Any CPU
		{EFDB4E86-F981-49D6-A92C-2599CF047EDA}.Debug|Any CPU.Build.0 = Debug|Any CPU
		{EFDB4E86-F981-49D6-A92C-2599CF047EDA}.Debug|x64.ActiveCfg = Debug|Any CPU
		{EFDB4E86-F981-49D6-A92C-2599CF047EDA}.Debug|x64.Build.0 = Debug|Any CPU
		{EFDB4E86-F981-49D6-A92C-2599CF047EDA}.Debug|x86.ActiveCfg = Debug|Any CPU
		{EFDB4E86-F981-49D6-A92C-2599CF047EDA}.Debug|x86.Build.0 = Debug|Any CPU
		{EFDB4E86-F981-49D6-A92C-2599CF047EDA}.Release|Any CPU.ActiveCfg = Release|Any CPU
		{EFDB4E86-F981-49D6-A92C-2599CF047EDA}.Release|Any CPU.Build.0 = Release|Any CPU
		{EFDB4E86-F981-49D6-A92C-2599CF047EDA}.Release|x64.ActiveCfg = Release|Any CPU
		{EFDB4E86-F981-49D6-A92C-2599CF047EDA}.Release|x64.Build.0 = Release|Any CPU
		{EFDB4E86-F981-49D6-A92C-2599CF047EDA}.Release|x86.ActiveCfg = Release|Any CPU
		{EFDB4E86-F981-49D6-A92C-2599CF047EDA}.Release|x86.Build.0 = Release|Any CPU
		{D7B751AA-DDB5-4EFF-817E-F314D4C2530E}.Debug|Any CPU.ActiveCfg = Debug|Any CPU
		{D7B751AA-DDB5-4EFF-817E-F314D4C2530E}.Debug|Any CPU.Build.0 = Debug|Any CPU
		{D7B751AA-DDB5-4EFF-817E-F314D4C2530E}.Debug|x64.ActiveCfg = Debug|Any CPU
		{D7B751AA-DDB5-4EFF-817E-F314D4C2530E}.Debug|x64.Build.0 = Debug|Any CPU
		{D7B751AA-DDB5-4EFF-817E-F314D4C2530E}.Debug|x86.ActiveCfg = Debug|Any CPU
		{D7B751AA-DDB5-4EFF-817E-F314D4C2530E}.Debug|x86.Build.0 = Debug|Any CPU
		{D7B751AA-DDB5-4EFF-817E-F314D4C2530E}.Release|Any CPU.ActiveCfg = Release|Any CPU
		{D7B751AA-DDB5-4EFF-817E-F314D4C2530E}.Release|Any CPU.Build.0 = Release|Any CPU
		{D7B751AA-DDB5-4EFF-817E-F314D4C2530E}.Release|x64.ActiveCfg = Release|Any CPU
		{D7B751AA-DDB5-4EFF-817E-F314D4C2530E}.Release|x64.Build.0 = Release|Any CPU
		{D7B751AA-DDB5-4EFF-817E-F314D4C2530E}.Release|x86.ActiveCfg = Release|Any CPU
		{D7B751AA-DDB5-4EFF-817E-F314D4C2530E}.Release|x86.Build.0 = Release|Any CPU
		{00400923-9C67-42F9-8D81-22F410A3EC66}.Debug|Any CPU.ActiveCfg = Debug|Any CPU
		{00400923-9C67-42F9-8D81-22F410A3EC66}.Debug|Any CPU.Build.0 = Debug|Any CPU
		{00400923-9C67-42F9-8D81-22F410A3EC66}.Debug|x64.ActiveCfg = Debug|Any CPU
		{00400923-9C67-42F9-8D81-22F410A3EC66}.Debug|x64.Build.0 = Debug|Any CPU
		{00400923-9C67-42F9-8D81-22F410A3EC66}.Debug|x86.ActiveCfg = Debug|Any CPU
		{00400923-9C67-42F9-8D81-22F410A3EC66}.Debug|x86.Build.0 = Debug|Any CPU
		{00400923-9C67-42F9-8D81-22F410A3EC66}.Release|Any CPU.ActiveCfg = Release|Any CPU
		{00400923-9C67-42F9-8D81-22F410A3EC66}.Release|Any CPU.Build.0 = Release|Any CPU
		{00400923-9C67-42F9-8D81-22F410A3EC66}.Release|x64.ActiveCfg = Release|Any CPU
		{00400923-9C67-42F9-8D81-22F410A3EC66}.Release|x64.Build.0 = Release|Any CPU
		{00400923-9C67-42F9-8D81-22F410A3EC66}.Release|x86.ActiveCfg = Release|Any CPU
		{00400923-9C67-42F9-8D81-22F410A3EC66}.Release|x86.Build.0 = Release|Any CPU
		{C78A69BE-8AF5-438B-AC8C-8468E7AFD1BD}.Debug|Any CPU.ActiveCfg = Debug|Any CPU
		{C78A69BE-8AF5-438B-AC8C-8468E7AFD1BD}.Debug|Any CPU.Build.0 = Debug|Any CPU
		{C78A69BE-8AF5-438B-AC8C-8468E7AFD1BD}.Debug|x64.ActiveCfg = Debug|Any CPU
		{C78A69BE-8AF5-438B-AC8C-8468E7AFD1BD}.Debug|x64.Build.0 = Debug|Any CPU
		{C78A69BE-8AF5-438B-AC8C-8468E7AFD1BD}.Debug|x86.ActiveCfg = Debug|Any CPU
		{C78A69BE-8AF5-438B-AC8C-8468E7AFD1BD}.Debug|x86.Build.0 = Debug|Any CPU
		{C78A69BE-8AF5-438B-AC8C-8468E7AFD1BD}.Release|Any CPU.ActiveCfg = Release|Any CPU
		{C78A69BE-8AF5-438B-AC8C-8468E7AFD1BD}.Release|Any CPU.Build.0 = Release|Any CPU
		{C78A69BE-8AF5-438B-AC8C-8468E7AFD1BD}.Release|x64.ActiveCfg = Release|Any CPU
		{C78A69BE-8AF5-438B-AC8C-8468E7AFD1BD}.Release|x64.Build.0 = Release|Any CPU
		{C78A69BE-8AF5-438B-AC8C-8468E7AFD1BD}.Release|x86.ActiveCfg = Release|Any CPU
		{C78A69BE-8AF5-438B-AC8C-8468E7AFD1BD}.Release|x86.Build.0 = Release|Any CPU
		{50025894-F595-4F65-843E-AE2620096A6E}.Debug|Any CPU.ActiveCfg = Debug|Any CPU
		{50025894-F595-4F65-843E-AE2620096A6E}.Debug|Any CPU.Build.0 = Debug|Any CPU
		{50025894-F595-4F65-843E-AE2620096A6E}.Debug|x64.ActiveCfg = Debug|Any CPU
		{50025894-F595-4F65-843E-AE2620096A6E}.Debug|x64.Build.0 = Debug|Any CPU
		{50025894-F595-4F65-843E-AE2620096A6E}.Debug|x86.ActiveCfg = Debug|Any CPU
		{50025894-F595-4F65-843E-AE2620096A6E}.Debug|x86.Build.0 = Debug|Any CPU
		{50025894-F595-4F65-843E-AE2620096A6E}.Release|Any CPU.ActiveCfg = Release|Any CPU
		{50025894-F595-4F65-843E-AE2620096A6E}.Release|Any CPU.Build.0 = Release|Any CPU
		{50025894-F595-4F65-843E-AE2620096A6E}.Release|x64.ActiveCfg = Release|Any CPU
		{50025894-F595-4F65-843E-AE2620096A6E}.Release|x64.Build.0 = Release|Any CPU
		{50025894-F595-4F65-843E-AE2620096A6E}.Release|x86.ActiveCfg = Release|Any CPU
		{50025894-F595-4F65-843E-AE2620096A6E}.Release|x86.Build.0 = Release|Any CPU
		{13C55C7F-C4B9-47FD-85BA-3703254D3727}.Debug|Any CPU.ActiveCfg = Debug|Any CPU
		{13C55C7F-C4B9-47FD-85BA-3703254D3727}.Debug|Any CPU.Build.0 = Debug|Any CPU
		{13C55C7F-C4B9-47FD-85BA-3703254D3727}.Debug|x64.ActiveCfg = Debug|Any CPU
		{13C55C7F-C4B9-47FD-85BA-3703254D3727}.Debug|x64.Build.0 = Debug|Any CPU
		{13C55C7F-C4B9-47FD-85BA-3703254D3727}.Debug|x86.ActiveCfg = Debug|Any CPU
		{13C55C7F-C4B9-47FD-85BA-3703254D3727}.Debug|x86.Build.0 = Debug|Any CPU
		{13C55C7F-C4B9-47FD-85BA-3703254D3727}.Release|Any CPU.ActiveCfg = Release|Any CPU
		{13C55C7F-C4B9-47FD-85BA-3703254D3727}.Release|Any CPU.Build.0 = Release|Any CPU
		{13C55C7F-C4B9-47FD-85BA-3703254D3727}.Release|x64.ActiveCfg = Release|Any CPU
		{13C55C7F-C4B9-47FD-85BA-3703254D3727}.Release|x64.Build.0 = Release|Any CPU
		{13C55C7F-C4B9-47FD-85BA-3703254D3727}.Release|x86.ActiveCfg = Release|Any CPU
		{13C55C7F-C4B9-47FD-85BA-3703254D3727}.Release|x86.Build.0 = Release|Any CPU
		{E7343A7F-A45A-47E4-9DA1-498451FDC5AA}.Debug|Any CPU.ActiveCfg = Debug|Any CPU
		{E7343A7F-A45A-47E4-9DA1-498451FDC5AA}.Debug|Any CPU.Build.0 = Debug|Any CPU
		{E7343A7F-A45A-47E4-9DA1-498451FDC5AA}.Debug|x64.ActiveCfg = Debug|Any CPU
		{E7343A7F-A45A-47E4-9DA1-498451FDC5AA}.Debug|x64.Build.0 = Debug|Any CPU
		{E7343A7F-A45A-47E4-9DA1-498451FDC5AA}.Debug|x86.ActiveCfg = Debug|Any CPU
		{E7343A7F-A45A-47E4-9DA1-498451FDC5AA}.Debug|x86.Build.0 = Debug|Any CPU
		{E7343A7F-A45A-47E4-9DA1-498451FDC5AA}.Release|Any CPU.ActiveCfg = Release|Any CPU
		{E7343A7F-A45A-47E4-9DA1-498451FDC5AA}.Release|Any CPU.Build.0 = Release|Any CPU
		{E7343A7F-A45A-47E4-9DA1-498451FDC5AA}.Release|x64.ActiveCfg = Release|Any CPU
		{E7343A7F-A45A-47E4-9DA1-498451FDC5AA}.Release|x64.Build.0 = Release|Any CPU
		{E7343A7F-A45A-47E4-9DA1-498451FDC5AA}.Release|x86.ActiveCfg = Release|Any CPU
		{E7343A7F-A45A-47E4-9DA1-498451FDC5AA}.Release|x86.Build.0 = Release|Any CPU
		{7B283EB4-6F28-43D4-A0C3-25B4FDD36842}.Debug|Any CPU.ActiveCfg = Debug|Any CPU
		{7B283EB4-6F28-43D4-A0C3-25B4FDD36842}.Debug|Any CPU.Build.0 = Debug|Any CPU
		{7B283EB4-6F28-43D4-A0C3-25B4FDD36842}.Debug|x64.ActiveCfg = Debug|Any CPU
		{7B283EB4-6F28-43D4-A0C3-25B4FDD36842}.Debug|x64.Build.0 = Debug|Any CPU
		{7B283EB4-6F28-43D4-A0C3-25B4FDD36842}.Debug|x86.ActiveCfg = Debug|Any CPU
		{7B283EB4-6F28-43D4-A0C3-25B4FDD36842}.Debug|x86.Build.0 = Debug|Any CPU
		{7B283EB4-6F28-43D4-A0C3-25B4FDD36842}.Release|Any CPU.ActiveCfg = Release|Any CPU
		{7B283EB4-6F28-43D4-A0C3-25B4FDD36842}.Release|Any CPU.Build.0 = Release|Any CPU
		{7B283EB4-6F28-43D4-A0C3-25B4FDD36842}.Release|x64.ActiveCfg = Release|Any CPU
		{7B283EB4-6F28-43D4-A0C3-25B4FDD36842}.Release|x64.Build.0 = Release|Any CPU
		{7B283EB4-6F28-43D4-A0C3-25B4FDD36842}.Release|x86.ActiveCfg = Release|Any CPU
		{7B283EB4-6F28-43D4-A0C3-25B4FDD36842}.Release|x86.Build.0 = Release|Any CPU
		{54D40B40-1CD5-4224-A548-AE4E6B0EB33D}.Debug|Any CPU.ActiveCfg = Debug|Any CPU
		{54D40B40-1CD5-4224-A548-AE4E6B0EB33D}.Debug|Any CPU.Build.0 = Debug|Any CPU
		{54D40B40-1CD5-4224-A548-AE4E6B0EB33D}.Debug|x64.ActiveCfg = Debug|Any CPU
		{54D40B40-1CD5-4224-A548-AE4E6B0EB33D}.Debug|x64.Build.0 = Debug|Any CPU
		{54D40B40-1CD5-4224-A548-AE4E6B0EB33D}.Debug|x86.ActiveCfg = Debug|Any CPU
		{54D40B40-1CD5-4224-A548-AE4E6B0EB33D}.Debug|x86.Build.0 = Debug|Any CPU
		{54D40B40-1CD5-4224-A548-AE4E6B0EB33D}.Release|Any CPU.ActiveCfg = Release|Any CPU
		{54D40B40-1CD5-4224-A548-AE4E6B0EB33D}.Release|Any CPU.Build.0 = Release|Any CPU
		{54D40B40-1CD5-4224-A548-AE4E6B0EB33D}.Release|x64.ActiveCfg = Release|Any CPU
		{54D40B40-1CD5-4224-A548-AE4E6B0EB33D}.Release|x64.Build.0 = Release|Any CPU
		{54D40B40-1CD5-4224-A548-AE4E6B0EB33D}.Release|x86.ActiveCfg = Release|Any CPU
		{54D40B40-1CD5-4224-A548-AE4E6B0EB33D}.Release|x86.Build.0 = Release|Any CPU
		{0DE99422-39EF-45AC-9752-62707351AFCC}.Debug|Any CPU.ActiveCfg = Debug|Any CPU
		{0DE99422-39EF-45AC-9752-62707351AFCC}.Debug|Any CPU.Build.0 = Debug|Any CPU
		{0DE99422-39EF-45AC-9752-62707351AFCC}.Debug|x64.ActiveCfg = Debug|Any CPU
		{0DE99422-39EF-45AC-9752-62707351AFCC}.Debug|x64.Build.0 = Debug|Any CPU
		{0DE99422-39EF-45AC-9752-62707351AFCC}.Debug|x86.ActiveCfg = Debug|Any CPU
		{0DE99422-39EF-45AC-9752-62707351AFCC}.Debug|x86.Build.0 = Debug|Any CPU
		{0DE99422-39EF-45AC-9752-62707351AFCC}.Release|Any CPU.ActiveCfg = Release|Any CPU
		{0DE99422-39EF-45AC-9752-62707351AFCC}.Release|Any CPU.Build.0 = Release|Any CPU
		{0DE99422-39EF-45AC-9752-62707351AFCC}.Release|x64.ActiveCfg = Release|Any CPU
		{0DE99422-39EF-45AC-9752-62707351AFCC}.Release|x64.Build.0 = Release|Any CPU
		{0DE99422-39EF-45AC-9752-62707351AFCC}.Release|x86.ActiveCfg = Release|Any CPU
		{0DE99422-39EF-45AC-9752-62707351AFCC}.Release|x86.Build.0 = Release|Any CPU
		{50F9C305-76AE-4746-8127-DC1DC0DFA111}.Debug|Any CPU.ActiveCfg = Debug|Any CPU
		{50F9C305-76AE-4746-8127-DC1DC0DFA111}.Debug|Any CPU.Build.0 = Debug|Any CPU
		{50F9C305-76AE-4746-8127-DC1DC0DFA111}.Debug|x64.ActiveCfg = Debug|Any CPU
		{50F9C305-76AE-4746-8127-DC1DC0DFA111}.Debug|x64.Build.0 = Debug|Any CPU
		{50F9C305-76AE-4746-8127-DC1DC0DFA111}.Debug|x86.ActiveCfg = Debug|Any CPU
		{50F9C305-76AE-4746-8127-DC1DC0DFA111}.Debug|x86.Build.0 = Debug|Any CPU
		{50F9C305-76AE-4746-8127-DC1DC0DFA111}.Release|Any CPU.ActiveCfg = Release|Any CPU
		{50F9C305-76AE-4746-8127-DC1DC0DFA111}.Release|Any CPU.Build.0 = Release|Any CPU
		{50F9C305-76AE-4746-8127-DC1DC0DFA111}.Release|x64.ActiveCfg = Release|Any CPU
		{50F9C305-76AE-4746-8127-DC1DC0DFA111}.Release|x64.Build.0 = Release|Any CPU
		{50F9C305-76AE-4746-8127-DC1DC0DFA111}.Release|x86.ActiveCfg = Release|Any CPU
		{50F9C305-76AE-4746-8127-DC1DC0DFA111}.Release|x86.Build.0 = Release|Any CPU
		{8CB8C374-4F2C-403C-92A5-B7991324C5F6}.Debug|Any CPU.ActiveCfg = Debug|Any CPU
		{8CB8C374-4F2C-403C-92A5-B7991324C5F6}.Debug|Any CPU.Build.0 = Debug|Any CPU
		{8CB8C374-4F2C-403C-92A5-B7991324C5F6}.Debug|x64.ActiveCfg = Debug|Any CPU
		{8CB8C374-4F2C-403C-92A5-B7991324C5F6}.Debug|x64.Build.0 = Debug|Any CPU
		{8CB8C374-4F2C-403C-92A5-B7991324C5F6}.Debug|x86.ActiveCfg = Debug|Any CPU
		{8CB8C374-4F2C-403C-92A5-B7991324C5F6}.Debug|x86.Build.0 = Debug|Any CPU
		{8CB8C374-4F2C-403C-92A5-B7991324C5F6}.Release|Any CPU.ActiveCfg = Release|Any CPU
		{8CB8C374-4F2C-403C-92A5-B7991324C5F6}.Release|Any CPU.Build.0 = Release|Any CPU
		{8CB8C374-4F2C-403C-92A5-B7991324C5F6}.Release|x64.ActiveCfg = Release|Any CPU
		{8CB8C374-4F2C-403C-92A5-B7991324C5F6}.Release|x64.Build.0 = Release|Any CPU
		{8CB8C374-4F2C-403C-92A5-B7991324C5F6}.Release|x86.ActiveCfg = Release|Any CPU
		{8CB8C374-4F2C-403C-92A5-B7991324C5F6}.Release|x86.Build.0 = Release|Any CPU
		{B63BB819-2719-4628-AD45-1E499484AB55}.Debug|Any CPU.ActiveCfg = Debug|Any CPU
		{B63BB819-2719-4628-AD45-1E499484AB55}.Debug|Any CPU.Build.0 = Debug|Any CPU
		{B63BB819-2719-4628-AD45-1E499484AB55}.Debug|x64.ActiveCfg = Debug|Any CPU
		{B63BB819-2719-4628-AD45-1E499484AB55}.Debug|x64.Build.0 = Debug|Any CPU
		{B63BB819-2719-4628-AD45-1E499484AB55}.Debug|x86.ActiveCfg = Debug|Any CPU
		{B63BB819-2719-4628-AD45-1E499484AB55}.Debug|x86.Build.0 = Debug|Any CPU
		{B63BB819-2719-4628-AD45-1E499484AB55}.Release|Any CPU.ActiveCfg = Release|Any CPU
		{B63BB819-2719-4628-AD45-1E499484AB55}.Release|Any CPU.Build.0 = Release|Any CPU
		{B63BB819-2719-4628-AD45-1E499484AB55}.Release|x64.ActiveCfg = Release|Any CPU
		{B63BB819-2719-4628-AD45-1E499484AB55}.Release|x64.Build.0 = Release|Any CPU
		{B63BB819-2719-4628-AD45-1E499484AB55}.Release|x86.ActiveCfg = Release|Any CPU
		{B63BB819-2719-4628-AD45-1E499484AB55}.Release|x86.Build.0 = Release|Any CPU
		{9B5BD2B5-D901-4A34-AA7E-029956D28897}.Debug|Any CPU.ActiveCfg = Debug|Any CPU
		{9B5BD2B5-D901-4A34-AA7E-029956D28897}.Debug|Any CPU.Build.0 = Debug|Any CPU
		{9B5BD2B5-D901-4A34-AA7E-029956D28897}.Debug|x64.ActiveCfg = Debug|Any CPU
		{9B5BD2B5-D901-4A34-AA7E-029956D28897}.Debug|x64.Build.0 = Debug|Any CPU
		{9B5BD2B5-D901-4A34-AA7E-029956D28897}.Debug|x86.ActiveCfg = Debug|Any CPU
		{9B5BD2B5-D901-4A34-AA7E-029956D28897}.Debug|x86.Build.0 = Debug|Any CPU
		{9B5BD2B5-D901-4A34-AA7E-029956D28897}.Release|Any CPU.ActiveCfg = Release|Any CPU
		{9B5BD2B5-D901-4A34-AA7E-029956D28897}.Release|Any CPU.Build.0 = Release|Any CPU
		{9B5BD2B5-D901-4A34-AA7E-029956D28897}.Release|x64.ActiveCfg = Release|Any CPU
		{9B5BD2B5-D901-4A34-AA7E-029956D28897}.Release|x64.Build.0 = Release|Any CPU
		{9B5BD2B5-D901-4A34-AA7E-029956D28897}.Release|x86.ActiveCfg = Release|Any CPU
		{9B5BD2B5-D901-4A34-AA7E-029956D28897}.Release|x86.Build.0 = Release|Any CPU
		{B116ACAB-43FF-4B59-A1CF-251555703D44}.Debug|Any CPU.ActiveCfg = Debug|Any CPU
		{B116ACAB-43FF-4B59-A1CF-251555703D44}.Debug|Any CPU.Build.0 = Debug|Any CPU
		{B116ACAB-43FF-4B59-A1CF-251555703D44}.Debug|x64.ActiveCfg = Debug|Any CPU
		{B116ACAB-43FF-4B59-A1CF-251555703D44}.Debug|x64.Build.0 = Debug|Any CPU
		{B116ACAB-43FF-4B59-A1CF-251555703D44}.Debug|x86.ActiveCfg = Debug|Any CPU
		{B116ACAB-43FF-4B59-A1CF-251555703D44}.Debug|x86.Build.0 = Debug|Any CPU
		{B116ACAB-43FF-4B59-A1CF-251555703D44}.Release|Any CPU.ActiveCfg = Release|Any CPU
		{B116ACAB-43FF-4B59-A1CF-251555703D44}.Release|Any CPU.Build.0 = Release|Any CPU
		{B116ACAB-43FF-4B59-A1CF-251555703D44}.Release|x64.ActiveCfg = Release|Any CPU
		{B116ACAB-43FF-4B59-A1CF-251555703D44}.Release|x64.Build.0 = Release|Any CPU
		{B116ACAB-43FF-4B59-A1CF-251555703D44}.Release|x86.ActiveCfg = Release|Any CPU
		{B116ACAB-43FF-4B59-A1CF-251555703D44}.Release|x86.Build.0 = Release|Any CPU
	EndGlobalSection
	GlobalSection(NestedProjects) = preSolution
	EndGlobalSection
EndGlobal
